// !$*UTF8*$!
{
	archiveVersion = 1;
	classes = {
	};
	objectVersion = 46;
	objects = {

/* Begin PBXBuildFile section */
		D838FADC1F2EE113005260C9 /* MG Benchmark Tools.swift in Sources */ = {isa = PBXBuildFile; fileRef = D838FAD71F2EE113005260C9 /* MG Benchmark Tools.swift */; };
		D838FADD1F2EE113005260C9 /* MG Basic Math.swift in Sources */ = {isa = PBXBuildFile; fileRef = D838FAD81F2EE113005260C9 /* MG Basic Math.swift */; };
		D838FADE1F2EE113005260C9 /* SMP Bignum Extensions.swift in Sources */ = {isa = PBXBuildFile; fileRef = D838FAD91F2EE113005260C9 /* SMP Bignum Extensions.swift */; };
		D838FADF1F2EE113005260C9 /* SMP String Module.swift in Sources */ = {isa = PBXBuildFile; fileRef = D838FADA1F2EE113005260C9 /* SMP String Module.swift */; };
		D838FAE01F2EE113005260C9 /* SMP Core.swift in Sources */ = {isa = PBXBuildFile; fileRef = D838FADB1F2EE113005260C9 /* SMP Core.swift */; };
		D8878DEF1F13328800BE3F0E /* stringMachine.swift in Sources */ = {isa = PBXBuildFile; fileRef = D8878DEE1F13328800BE3F0E /* stringMachine.swift */; };
		D8A38B9A1F10293800C5DB01 /* prime.swift in Sources */ = {isa = PBXBuildFile; fileRef = D8A38B991F10293800C5DB01 /* prime.swift */; };
		D8BB22331F2EBA9700A8C38D /* Problem12.swift in Sources */ = {isa = PBXBuildFile; fileRef = D8BB22251F2EBA9700A8C38D /* Problem12.swift */; };
		D8BB22341F2EBA9700A8C38D /* Problem11.swift in Sources */ = {isa = PBXBuildFile; fileRef = D8BB22261F2EBA9700A8C38D /* Problem11.swift */; };
		D8BB22351F2EBA9700A8C38D /* Problem9.swift in Sources */ = {isa = PBXBuildFile; fileRef = D8BB22271F2EBA9700A8C38D /* Problem9.swift */; };
		D8BB22361F2EBA9700A8C38D /* Problem7.swift in Sources */ = {isa = PBXBuildFile; fileRef = D8BB22281F2EBA9700A8C38D /* Problem7.swift */; };
		D8BB22371F2EBA9700A8C38D /* main.swift in Sources */ = {isa = PBXBuildFile; fileRef = D8BB22291F2EBA9700A8C38D /* main.swift */; };
		D8BB22381F2EBA9700A8C38D /* Problem1.swift in Sources */ = {isa = PBXBuildFile; fileRef = D8BB222A1F2EBA9700A8C38D /* Problem1.swift */; };
		D8BB22391F2EBA9700A8C38D /* Problem4.swift in Sources */ = {isa = PBXBuildFile; fileRef = D8BB222B1F2EBA9700A8C38D /* Problem4.swift */; };
		D8BB223A1F2EBA9700A8C38D /* Problem13.swift in Sources */ = {isa = PBXBuildFile; fileRef = D8BB222C1F2EBA9700A8C38D /* Problem13.swift */; };
		D8BB223B1F2EBA9700A8C38D /* Problem5.swift in Sources */ = {isa = PBXBuildFile; fileRef = D8BB222D1F2EBA9700A8C38D /* Problem5.swift */; };
		D8BB223C1F2EBA9700A8C38D /* Problem6.swift in Sources */ = {isa = PBXBuildFile; fileRef = D8BB222E1F2EBA9700A8C38D /* Problem6.swift */; };
		D8BB223D1F2EBA9700A8C38D /* Problem10.swift in Sources */ = {isa = PBXBuildFile; fileRef = D8BB222F1F2EBA9700A8C38D /* Problem10.swift */; };
		D8BB223E1F2EBA9700A8C38D /* Problem2.swift in Sources */ = {isa = PBXBuildFile; fileRef = D8BB22301F2EBA9700A8C38D /* Problem2.swift */; };
		D8BB223F1F2EBA9700A8C38D /* Problem8.swift in Sources */ = {isa = PBXBuildFile; fileRef = D8BB22311F2EBA9700A8C38D /* Problem8.swift */; };
		D8BB22401F2EBA9700A8C38D /* Problem3.swift in Sources */ = {isa = PBXBuildFile; fileRef = D8BB22321F2EBA9700A8C38D /* Problem3.swift */; };
/* End PBXBuildFile section */

/* Begin PBXCopyFilesBuildPhase section */
		D8CA218D1F0B4896001951BC /* CopyFiles */ = {
			isa = PBXCopyFilesBuildPhase;
			buildActionMask = 2147483647;
			dstPath = /usr/share/man/man1/;
			dstSubfolderSpec = 0;
			files = (
			);
			runOnlyForDeploymentPostprocessing = 1;
		};
/* End PBXCopyFilesBuildPhase section */

/* Begin PBXFileReference section */
		D838FAD71F2EE113005260C9 /* MG Benchmark Tools.swift */ = {isa = PBXFileReference; fileEncoding = 4; lastKnownFileType = sourcecode.swift; path = "MG Benchmark Tools.swift"; sourceTree = "<group>"; };
		D838FAD81F2EE113005260C9 /* MG Basic Math.swift */ = {isa = PBXFileReference; fileEncoding = 4; lastKnownFileType = sourcecode.swift; path = "MG Basic Math.swift"; sourceTree = "<group>"; };
		D838FAD91F2EE113005260C9 /* SMP Bignum Extensions.swift */ = {isa = PBXFileReference; fileEncoding = 4; lastKnownFileType = sourcecode.swift; path = "SMP Bignum Extensions.swift"; sourceTree = "<group>"; };
		D838FADA1F2EE113005260C9 /* SMP String Module.swift */ = {isa = PBXFileReference; fileEncoding = 4; lastKnownFileType = sourcecode.swift; path = "SMP String Module.swift"; sourceTree = "<group>"; };
		D838FADB1F2EE113005260C9 /* SMP Core.swift */ = {isa = PBXFileReference; fileEncoding = 4; lastKnownFileType = sourcecode.swift; path = "SMP Core.swift"; sourceTree = "<group>"; };
		D8878DEE1F13328800BE3F0E /* stringMachine.swift */ = {isa = PBXFileReference; lastKnownFileType = sourcecode.swift; path = stringMachine.swift; sourceTree = "<group>"; };
		D8A38B991F10293800C5DB01 /* prime.swift */ = {isa = PBXFileReference; fileEncoding = 4; lastKnownFileType = sourcecode.swift; path = prime.swift; sourceTree = "<group>"; };
		D8BB22251F2EBA9700A8C38D /* Problem12.swift */ = {isa = PBXFileReference; fileEncoding = 4; lastKnownFileType = sourcecode.swift; path = Problem12.swift; sourceTree = "<group>"; };
		D8BB22261F2EBA9700A8C38D /* Problem11.swift */ = {isa = PBXFileReference; fileEncoding = 4; lastKnownFileType = sourcecode.swift; path = Problem11.swift; sourceTree = "<group>"; };
		D8BB22271F2EBA9700A8C38D /* Problem9.swift */ = {isa = PBXFileReference; fileEncoding = 4; lastKnownFileType = sourcecode.swift; path = Problem9.swift; sourceTree = "<group>"; };
		D8BB22281F2EBA9700A8C38D /* Problem7.swift */ = {isa = PBXFileReference; fileEncoding = 4; lastKnownFileType = sourcecode.swift; path = Problem7.swift; sourceTree = "<group>"; };
		D8BB22291F2EBA9700A8C38D /* main.swift */ = {isa = PBXFileReference; fileEncoding = 4; lastKnownFileType = sourcecode.swift; path = main.swift; sourceTree = "<group>"; };
		D8BB222A1F2EBA9700A8C38D /* Problem1.swift */ = {isa = PBXFileReference; fileEncoding = 4; lastKnownFileType = sourcecode.swift; path = Problem1.swift; sourceTree = "<group>"; };
		D8BB222B1F2EBA9700A8C38D /* Problem4.swift */ = {isa = PBXFileReference; fileEncoding = 4; lastKnownFileType = sourcecode.swift; path = Problem4.swift; sourceTree = "<group>"; };
		D8BB222C1F2EBA9700A8C38D /* Problem13.swift */ = {isa = PBXFileReference; fileEncoding = 4; lastKnownFileType = sourcecode.swift; path = Problem13.swift; sourceTree = "<group>"; };
		D8BB222D1F2EBA9700A8C38D /* Problem5.swift */ = {isa = PBXFileReference; fileEncoding = 4; lastKnownFileType = sourcecode.swift; path = Problem5.swift; sourceTree = "<group>"; };
		D8BB222E1F2EBA9700A8C38D /* Problem6.swift */ = {isa = PBXFileReference; fileEncoding = 4; lastKnownFileType = sourcecode.swift; path = Problem6.swift; sourceTree = "<group>"; };
		D8BB222F1F2EBA9700A8C38D /* Problem10.swift */ = {isa = PBXFileReference; fileEncoding = 4; lastKnownFileType = sourcecode.swift; path = Problem10.swift; sourceTree = "<group>"; };
		D8BB22301F2EBA9700A8C38D /* Problem2.swift */ = {isa = PBXFileReference; fileEncoding = 4; lastKnownFileType = sourcecode.swift; path = Problem2.swift; sourceTree = "<group>"; };
		D8BB22311F2EBA9700A8C38D /* Problem8.swift */ = {isa = PBXFileReference; fileEncoding = 4; lastKnownFileType = sourcecode.swift; path = Problem8.swift; sourceTree = "<group>"; };
		D8BB22321F2EBA9700A8C38D /* Problem3.swift */ = {isa = PBXFileReference; fileEncoding = 4; lastKnownFileType = sourcecode.swift; path = Problem3.swift; sourceTree = "<group>"; };
		D8CA218F1F0B4896001951BC /* ProjectEuler */ = {isa = PBXFileReference; explicitFileType = "compiled.mach-o.executable"; includeInIndex = 0; path = ProjectEuler; sourceTree = BUILT_PRODUCTS_DIR; };
/* End PBXFileReference section */

/* Begin PBXFrameworksBuildPhase section */
		D8CA218C1F0B4896001951BC /* Frameworks */ = {
			isa = PBXFrameworksBuildPhase;
			buildActionMask = 2147483647;
			files = (
			);
			runOnlyForDeploymentPostprocessing = 0;
		};
/* End PBXFrameworksBuildPhase section */

/* Begin PBXGroup section */
		D838FAD61F2EE0D3005260C9 /* BInt */ = {
			isa = PBXGroup;
			children = (
				D838FAD81F2EE113005260C9 /* MG Basic Math.swift */,
				D838FAD71F2EE113005260C9 /* MG Benchmark Tools.swift */,
				D838FAD91F2EE113005260C9 /* SMP Bignum Extensions.swift */,
				D838FADB1F2EE113005260C9 /* SMP Core.swift */,
				D838FADA1F2EE113005260C9 /* SMP String Module.swift */,
			);
			path = BInt;
			sourceTree = "<group>";
		};
		D8878DF01F1337F500BE3F0E /* Helpers */ = {
			isa = PBXGroup;
			children = (
				D838FAD61F2EE0D3005260C9 /* BInt */,
				D8A38B991F10293800C5DB01 /* prime.swift */,
				D8878DEE1F13328800BE3F0E /* stringMachine.swift */,
			);
			path = Helpers;
			sourceTree = "<group>";
		};
		D8BB22411F2EBAA100A8C38D /* Sources */ = {
			isa = PBXGroup;
			children = (
				D8BB22291F2EBA9700A8C38D /* main.swift */,
				D8BB222A1F2EBA9700A8C38D /* Problem1.swift */,
				D8BB22301F2EBA9700A8C38D /* Problem2.swift */,
				D8BB22321F2EBA9700A8C38D /* Problem3.swift */,
				D8BB222B1F2EBA9700A8C38D /* Problem4.swift */,
				D8BB222D1F2EBA9700A8C38D /* Problem5.swift */,
				D8BB222E1F2EBA9700A8C38D /* Problem6.swift */,
				D8BB22281F2EBA9700A8C38D /* Problem7.swift */,
				D8BB22311F2EBA9700A8C38D /* Problem8.swift */,
				D8BB22271F2EBA9700A8C38D /* Problem9.swift */,
				D8BB222F1F2EBA9700A8C38D /* Problem10.swift */,
				D8BB22261F2EBA9700A8C38D /* Problem11.swift */,
				D8BB22251F2EBA9700A8C38D /* Problem12.swift */,
				D8BB222C1F2EBA9700A8C38D /* Problem13.swift */,
			);
			path = Sources;
			sourceTree = "<group>";
		};
		D8CA21861F0B4896001951BC = {
			isa = PBXGroup;
			children = (
				D8CA21911F0B4896001951BC /* ProjectEuler */,
				D8CA21901F0B4896001951BC /* Products */,
			);
			sourceTree = "<group>";
		};
		D8CA21901F0B4896001951BC /* Products */ = {
			isa = PBXGroup;
			children = (
				D8CA218F1F0B4896001951BC /* ProjectEuler */,
			);
			name = Products;
			sourceTree = "<group>";
		};
		D8CA21911F0B4896001951BC /* ProjectEuler */ = {
			isa = PBXGroup;
			children = (
				D8BB22411F2EBAA100A8C38D /* Sources */,
				D8878DF01F1337F500BE3F0E /* Helpers */,
			);
			path = ProjectEuler;
			sourceTree = "<group>";
		};
/* End PBXGroup section */

/* Begin PBXNativeTarget section */
		D8CA218E1F0B4896001951BC /* ProjectEuler */ = {
			isa = PBXNativeTarget;
			buildConfigurationList = D8CA21961F0B4896001951BC /* Build configuration list for PBXNativeTarget "ProjectEuler" */;
			buildPhases = (
				D8CA218B1F0B4896001951BC /* Sources */,
				D8CA218C1F0B4896001951BC /* Frameworks */,
				D8CA218D1F0B4896001951BC /* CopyFiles */,
			);
			buildRules = (
			);
			dependencies = (
			);
			name = ProjectEuler;
			productName = ProjectEuler;
			productReference = D8CA218F1F0B4896001951BC /* ProjectEuler */;
			productType = "com.apple.product-type.tool";
		};
/* End PBXNativeTarget section */

/* Begin PBXProject section */
		D8CA21871F0B4896001951BC /* Project object */ = {
			isa = PBXProject;
			attributes = {
				LastSwiftUpdateCheck = 0830;
				LastUpgradeCheck = 0900;
				ORGANIZATIONNAME = "Joe Sturzenegger";
				TargetAttributes = {
					D8CA218E1F0B4896001951BC = {
						CreatedOnToolsVersion = 8.3.3;
						DevelopmentTeam = 8498GNCR8T;
						LastSwiftMigration = 0900;
						ProvisioningStyle = Automatic;
					};
				};
			};
			buildConfigurationList = D8CA218A1F0B4896001951BC /* Build configuration list for PBXProject "ProjectEuler" */;
			compatibilityVersion = "Xcode 3.2";
			developmentRegion = English;
			hasScannedForEncodings = 0;
			knownRegions = (
				en,
			);
			mainGroup = D8CA21861F0B4896001951BC;
			productRefGroup = D8CA21901F0B4896001951BC /* Products */;
			projectDirPath = "";
			projectRoot = "";
			targets = (
				D8CA218E1F0B4896001951BC /* ProjectEuler */,
			);
		};
/* End PBXProject section */

/* Begin PBXSourcesBuildPhase section */
		D8CA218B1F0B4896001951BC /* Sources */ = {
			isa = PBXSourcesBuildPhase;
			buildActionMask = 2147483647;
			files = (
				D8BB223C1F2EBA9700A8C38D /* Problem6.swift in Sources */,
				D838FAE01F2EE113005260C9 /* SMP Core.swift in Sources */,
				D8BB22391F2EBA9700A8C38D /* Problem4.swift in Sources */,
				D8BB22331F2EBA9700A8C38D /* Problem12.swift in Sources */,
				D838FADF1F2EE113005260C9 /* SMP String Module.swift in Sources */,
				D8BB223B1F2EBA9700A8C38D /* Problem5.swift in Sources */,
				D8BB22351F2EBA9700A8C38D /* Problem9.swift in Sources */,
				D8BB22341F2EBA9700A8C38D /* Problem11.swift in Sources */,
				D8BB223F1F2EBA9700A8C38D /* Problem8.swift in Sources */,
				D8BB22381F2EBA9700A8C38D /* Problem1.swift in Sources */,
				D8BB223D1F2EBA9700A8C38D /* Problem10.swift in Sources */,
				D8BB223E1F2EBA9700A8C38D /* Problem2.swift in Sources */,
				D8BB22361F2EBA9700A8C38D /* Problem7.swift in Sources */,
				D8878DEF1F13328800BE3F0E /* stringMachine.swift in Sources */,
				D8BB22371F2EBA9700A8C38D /* main.swift in Sources */,
				D8BB22401F2EBA9700A8C38D /* Problem3.swift in Sources */,
				D838FADE1F2EE113005260C9 /* SMP Bignum Extensions.swift in Sources */,
				D8A38B9A1F10293800C5DB01 /* prime.swift in Sources */,
				D838FADC1F2EE113005260C9 /* MG Benchmark Tools.swift in Sources */,
				D838FADD1F2EE113005260C9 /* MG Basic Math.swift in Sources */,
				D8BB223A1F2EBA9700A8C38D /* Problem13.swift in Sources */,
			);
			runOnlyForDeploymentPostprocessing = 0;
		};
/* End PBXSourcesBuildPhase section */

/* Begin XCBuildConfiguration section */
		D8CA21941F0B4896001951BC /* Debug */ = {
			isa = XCBuildConfiguration;
			buildSettings = {
				ALWAYS_SEARCH_USER_PATHS = NO;
				CLANG_ANALYZER_NONNULL = YES;
				CLANG_ANALYZER_NUMBER_OBJECT_CONVERSION = YES_AGGRESSIVE;
				CLANG_CXX_LANGUAGE_STANDARD = "gnu++0x";
				CLANG_CXX_LIBRARY = "libc++";
				CLANG_ENABLE_MODULES = YES;
				CLANG_ENABLE_OBJC_ARC = YES;
				CLANG_WARN_BLOCK_CAPTURE_AUTORELEASING = YES;
				CLANG_WARN_BOOL_CONVERSION = YES;
				CLANG_WARN_COMMA = YES;
				CLANG_WARN_CONSTANT_CONVERSION = YES;
				CLANG_WARN_DIRECT_OBJC_ISA_USAGE = YES_ERROR;
				CLANG_WARN_DOCUMENTATION_COMMENTS = YES;
				CLANG_WARN_EMPTY_BODY = YES;
				CLANG_WARN_ENUM_CONVERSION = YES;
				CLANG_WARN_INFINITE_RECURSION = YES;
				CLANG_WARN_INT_CONVERSION = YES;
				CLANG_WARN_NON_LITERAL_NULL_CONVERSION = YES;
				CLANG_WARN_OBJC_LITERAL_CONVERSION = YES;
				CLANG_WARN_OBJC_ROOT_CLASS = YES_ERROR;
				CLANG_WARN_RANGE_LOOP_ANALYSIS = YES;
				CLANG_WARN_STRICT_PROTOTYPES = YES;
				CLANG_WARN_SUSPICIOUS_MOVE = YES;
				CLANG_WARN_UNREACHABLE_CODE = YES;
				CLANG_WARN__DUPLICATE_METHOD_MATCH = YES;
				CODE_SIGN_IDENTITY = "-";
				COPY_PHASE_STRIP = NO;
				DEBUG_INFORMATION_FORMAT = dwarf;
				ENABLE_STRICT_OBJC_MSGSEND = YES;
				ENABLE_TESTABILITY = YES;
				GCC_C_LANGUAGE_STANDARD = gnu99;
				GCC_DYNAMIC_NO_PIC = NO;
				GCC_NO_COMMON_BLOCKS = YES;
				GCC_OPTIMIZATION_LEVEL = 0;
				GCC_PREPROCESSOR_DEFINITIONS = (
					"DEBUG=1",
					"$(inherited)",
				);
				GCC_WARN_64_TO_32_BIT_CONVERSION = YES;
				GCC_WARN_ABOUT_RETURN_TYPE = YES_ERROR;
				GCC_WARN_UNDECLARED_SELECTOR = YES;
				GCC_WARN_UNINITIALIZED_AUTOS = YES_AGGRESSIVE;
				GCC_WARN_UNUSED_FUNCTION = YES;
				GCC_WARN_UNUSED_VARIABLE = YES;
				MACOSX_DEPLOYMENT_TARGET = 10.12;
				MTL_ENABLE_DEBUG_INFO = YES;
				ONLY_ACTIVE_ARCH = YES;
				SDKROOT = macosx;
				SWIFT_OPTIMIZATION_LEVEL = "-Onone";
			};
			name = Debug;
		};
		D8CA21951F0B4896001951BC /* Release */ = {
			isa = XCBuildConfiguration;
			buildSettings = {
				ALWAYS_SEARCH_USER_PATHS = NO;
				CLANG_ANALYZER_NONNULL = YES;
				CLANG_ANALYZER_NUMBER_OBJECT_CONVERSION = YES_AGGRESSIVE;
				CLANG_CXX_LANGUAGE_STANDARD = "gnu++0x";
				CLANG_CXX_LIBRARY = "libc++";
				CLANG_ENABLE_MODULES = YES;
				CLANG_ENABLE_OBJC_ARC = YES;
				CLANG_WARN_BLOCK_CAPTURE_AUTORELEASING = YES;
				CLANG_WARN_BOOL_CONVERSION = YES;
				CLANG_WARN_COMMA = YES;
				CLANG_WARN_CONSTANT_CONVERSION = YES;
				CLANG_WARN_DIRECT_OBJC_ISA_USAGE = YES_ERROR;
				CLANG_WARN_DOCUMENTATION_COMMENTS = YES;
				CLANG_WARN_EMPTY_BODY = YES;
				CLANG_WARN_ENUM_CONVERSION = YES;
				CLANG_WARN_INFINITE_RECURSION = YES;
				CLANG_WARN_INT_CONVERSION = YES;
				CLANG_WARN_NON_LITERAL_NULL_CONVERSION = YES;
				CLANG_WARN_OBJC_LITERAL_CONVERSION = YES;
				CLANG_WARN_OBJC_ROOT_CLASS = YES_ERROR;
				CLANG_WARN_RANGE_LOOP_ANALYSIS = YES;
				CLANG_WARN_STRICT_PROTOTYPES = YES;
				CLANG_WARN_SUSPICIOUS_MOVE = YES;
				CLANG_WARN_UNREACHABLE_CODE = YES;
				CLANG_WARN__DUPLICATE_METHOD_MATCH = YES;
				CODE_SIGN_IDENTITY = "-";
				COPY_PHASE_STRIP = NO;
				DEBUG_INFORMATION_FORMAT = "dwarf-with-dsym";
				ENABLE_NS_ASSERTIONS = NO;
				ENABLE_STRICT_OBJC_MSGSEND = YES;
				GCC_C_LANGUAGE_STANDARD = gnu99;
				GCC_NO_COMMON_BLOCKS = YES;
				GCC_WARN_64_TO_32_BIT_CONVERSION = YES;
				GCC_WARN_ABOUT_RETURN_TYPE = YES_ERROR;
				GCC_WARN_UNDECLARED_SELECTOR = YES;
				GCC_WARN_UNINITIALIZED_AUTOS = YES_AGGRESSIVE;
				GCC_WARN_UNUSED_FUNCTION = YES;
				GCC_WARN_UNUSED_VARIABLE = YES;
				MACOSX_DEPLOYMENT_TARGET = 10.12;
				MTL_ENABLE_DEBUG_INFO = NO;
				SDKROOT = macosx;
				SWIFT_OPTIMIZATION_LEVEL = "-Owholemodule";
			};
			name = Release;
		};
		D8CA21971F0B4896001951BC /* Debug */ = {
			isa = XCBuildConfiguration;
			buildSettings = {
				DEVELOPMENT_TEAM = 8498GNCR8T;
				PRODUCT_NAME = "$(TARGET_NAME)";
				SWIFT_SWIFT3_OBJC_INFERENCE = Off;
				SWIFT_VERSION = 4.0;
			};
			name = Debug;
		};
		D8CA21981F0B4896001951BC /* Release */ = {
			isa = XCBuildConfiguration;
			buildSettings = {
				DEVELOPMENT_TEAM = 8498GNCR8T;
				PRODUCT_NAME = "$(TARGET_NAME)";
				SWIFT_SWIFT3_OBJC_INFERENCE = Off;
				SWIFT_VERSION = 4.0;
			};
			name = Release;
		};
/* End XCBuildConfiguration section */

/* Begin XCConfigurationList section */
		D8CA218A1F0B4896001951BC /* Build configuration list for PBXProject "ProjectEuler" */ = {
			isa = XCConfigurationList;
			buildConfigurations = (
				D8CA21941F0B4896001951BC /* Debug */,
				D8CA21951F0B4896001951BC /* Release */,
			);
			defaultConfigurationIsVisible = 0;
			defaultConfigurationName = Release;
		};
		D8CA21961F0B4896001951BC /* Build configuration list for PBXNativeTarget "ProjectEuler" */ = {
			isa = XCConfigurationList;
			buildConfigurations = (
				D8CA21971F0B4896001951BC /* Debug */,
				D8CA21981F0B4896001951BC /* Release */,
			);
			defaultConfigurationIsVisible = 0;
			defaultConfigurationName = Release;
		};
/* End XCConfigurationList section */
	};
	rootObject = D8CA21871F0B4896001951BC /* Project object */;
}
